
Microsoft Visual Studio Solution File, Format Version 12.00
# Visual Studio Version 16
VisualStudioVersion = 16.0.29613.14
MinimumVisualStudioVersion = 10.0.40219.1
Project("{FAE04EC0-301F-11D3-BF4B-00C04F79EFBC}") = "ReactInvoiceManagementApp2.Api", "ReactInvoiceManagementApp2.Api\ReactInvoiceManagementApp2.Api.csproj", "{DA569189-74E5-479D-A877-4CE10F6BEAAA}"
EndProject
Project("{FAE04EC0-301F-11D3-BF4B-00C04F79EFBC}") = "InvoiceManagementApp2.Domain", "InvoiceManagementApp2.Domain\InvoiceManagementApp2.Domain.csproj", "{55CB6D27-3D80-4A3C-95D2-2F897B0D4057}"
EndProject
Global
	GlobalSection(SolutionConfigurationPlatforms) = preSolution
		Debug|Any CPU = Debug|Any CPU
		Release|Any CPU = Release|Any CPU
	EndGlobalSection
	GlobalSection(ProjectConfigurationPlatforms) = postSolution
		{DA569189-74E5-479D-A877-4CE10F6BEAAA}.Debug|Any CPU.ActiveCfg = Debug|Any CPU
		{DA569189-74E5-479D-A877-4CE10F6BEAAA}.Debug|Any CPU.Build.0 = Debug|Any CPU
		{DA569189-74E5-479D-A877-4CE10F6BEAAA}.Release|Any CPU.ActiveCfg = Release|Any CPU
		{DA569189-74E5-479D-A877-4CE10F6BEAAA}.Release|Any CPU.Build.0 = Release|Any CPU
		{55CB6D27-3D80-4A3C-95D2-2F897B0D4057}.Debug|Any CPU.ActiveCfg = Debug|Any CPU
		{55CB6D27-3D80-4A3C-95D2-2F897B0D4057}.Debug|Any CPU.Build.0 = Debug|Any CPU
		{55CB6D27-3D80-4A3C-95D2-2F897B0D4057}.Release|Any CPU.ActiveCfg = Release|Any CPU
		{55CB6D27-3D80-4A3C-95D2-2F897B0D4057}.Release|Any CPU.Build.0 = Release|Any CPU
	EndGlobalSection
	GlobalSection(SolutionProperties) = preSolution
		HideSolutionNode = FALSE
	EndGlobalSection
	GlobalSection(ExtensibilityGlobals) = postSolution
		SolutionGuid = {0C461CFB-34A8-42D4-B40D-FAA3A89AAB49}
	EndGlobalSection
EndGlobal
